// !$*UTF8*$!
{
	archiveVersion = 1;
	classes = {
	};
	objectVersion = 48;
	objects = {

/* Begin PBXBuildFile section */
		012B7428204A515200ADEA79 /* AppDelegate.swift in Sources */ = {isa = PBXBuildFile; fileRef = 012B7427204A515200ADEA79 /* AppDelegate.swift */; };
		012B742A204A515200ADEA79 /* OracleController.swift in Sources */ = {isa = PBXBuildFile; fileRef = 012B7429204A515200ADEA79 /* OracleController.swift */; };
		012B742D204A515200ADEA79 /* Main.storyboard in Resources */ = {isa = PBXBuildFile; fileRef = 012B742B204A515200ADEA79 /* Main.storyboard */; };
		012B742F204A515200ADEA79 /* Assets.xcassets in Resources */ = {isa = PBXBuildFile; fileRef = 012B742E204A515200ADEA79 /* Assets.xcassets */; };
		012B7432204A515200ADEA79 /* LaunchScreen.storyboard in Resources */ = {isa = PBXBuildFile; fileRef = 012B7430204A515200ADEA79 /* LaunchScreen.storyboard */; };
		012B743F204B55C800ADEA79 /* Model.swift in Sources */ = {isa = PBXBuildFile; fileRef = 012B743E204B55C800ADEA79 /* Model.swift */; };
		01A6C2C420537DB80078C726 /* MajorArcanaCard.swift in Sources */ = {isa = PBXBuildFile; fileRef = 01A6C2C320537DB80078C726 /* MajorArcanaCard.swift */; };
		01A6C2CC2053A5950078C726 /* TarotUITests.swift in Sources */ = {isa = PBXBuildFile; fileRef = 01A6C2CB2053A5950078C726 /* TarotUITests.swift */; };
		01F0E880205CB0CE005A40FC /* DeckOfCards.swift in Sources */ = {isa = PBXBuildFile; fileRef = 01F0E87F205CB0CE005A40FC /* DeckOfCards.swift */; };
/* End PBXBuildFile section */

/* Begin PBXContainerItemProxy section */
		01A6C2CE2053A5950078C726 /* PBXContainerItemProxy */ = {
			isa = PBXContainerItemProxy;
			containerPortal = 012B741C204A515200ADEA79 /* Project object */;
			proxyType = 1;
			remoteGlobalIDString = 012B7423204A515200ADEA79;
			remoteInfo = Tarot;
		};
/* End PBXContainerItemProxy section */

/* Begin PBXFileReference section */
		012B7424204A515200ADEA79 /* Tarot.app */ = {isa = PBXFileReference; explicitFileType = wrapper.application; includeInIndex = 0; path = Tarot.app; sourceTree = BUILT_PRODUCTS_DIR; };
		012B7427204A515200ADEA79 /* AppDelegate.swift */ = {isa = PBXFileReference; lastKnownFileType = sourcecode.swift; path = AppDelegate.swift; sourceTree = "<group>"; };
		012B7429204A515200ADEA79 /* OracleController.swift */ = {isa = PBXFileReference; lastKnownFileType = sourcecode.swift; path = OracleController.swift; sourceTree = "<group>"; };
		012B742C204A515200ADEA79 /* Base */ = {isa = PBXFileReference; lastKnownFileType = file.storyboard; name = Base; path = Base.lproj/Main.storyboard; sourceTree = "<group>"; };
		012B742E204A515200ADEA79 /* Assets.xcassets */ = {isa = PBXFileReference; lastKnownFileType = folder.assetcatalog; path = Assets.xcassets; sourceTree = "<group>"; };
		012B7431204A515200ADEA79 /* Base */ = {isa = PBXFileReference; lastKnownFileType = file.storyboard; name = Base; path = Base.lproj/LaunchScreen.storyboard; sourceTree = "<group>"; };
		012B7433204A515200ADEA79 /* Info.plist */ = {isa = PBXFileReference; lastKnownFileType = text.plist.xml; path = Info.plist; sourceTree = "<group>"; };
		012B743E204B55C800ADEA79 /* Model.swift */ = {isa = PBXFileReference; lastKnownFileType = sourcecode.swift; path = Model.swift; sourceTree = "<group>"; };
		01A6C2C320537DB80078C726 /* MajorArcanaCard.swift */ = {isa = PBXFileReference; lastKnownFileType = sourcecode.swift; path = MajorArcanaCard.swift; sourceTree = "<group>"; };
		01A6C2C92053A5940078C726 /* TarotUITests.xctest */ = {isa = PBXFileReference; explicitFileType = wrapper.cfbundle; includeInIndex = 0; path = TarotUITests.xctest; sourceTree = BUILT_PRODUCTS_DIR; };
		01A6C2CB2053A5950078C726 /* TarotUITests.swift */ = {isa = PBXFileReference; lastKnownFileType = sourcecode.swift; path = TarotUITests.swift; sourceTree = "<group>"; };
		01A6C2CD2053A5950078C726 /* Info.plist */ = {isa = PBXFileReference; lastKnownFileType = text.plist.xml; path = Info.plist; sourceTree = "<group>"; };
		01F0E87F205CB0CE005A40FC /* DeckOfCards.swift */ = {isa = PBXFileReference; lastKnownFileType = sourcecode.swift; path = DeckOfCards.swift; sourceTree = "<group>"; };
/* End PBXFileReference section */

/* Begin PBXFrameworksBuildPhase section */
		012B7421204A515200ADEA79 /* Frameworks */ = {
			isa = PBXFrameworksBuildPhase;
			buildActionMask = 2147483647;
			files = (
			);
			runOnlyForDeploymentPostprocessing = 0;
		};
		01A6C2C62053A5940078C726 /* Frameworks */ = {
			isa = PBXFrameworksBuildPhase;
			buildActionMask = 2147483647;
			files = (
			);
			runOnlyForDeploymentPostprocessing = 0;
		};
/* End PBXFrameworksBuildPhase section */

/* Begin PBXGroup section */
		012B741B204A515200ADEA79 = {
			isa = PBXGroup;
			children = (
				012B7426204A515200ADEA79 /* Tarot */,
				01A6C2CA2053A5950078C726 /* TarotUITests */,
				012B7425204A515200ADEA79 /* Products */,
			);
			sourceTree = "<group>";
		};
		012B7425204A515200ADEA79 /* Products */ = {
			isa = PBXGroup;
			children = (
				012B7424204A515200ADEA79 /* Tarot.app */,
				01A6C2C92053A5940078C726 /* TarotUITests.xctest */,
			);
			name = Products;
			sourceTree = "<group>";
		};
		012B7426204A515200ADEA79 /* Tarot */ = {
			isa = PBXGroup;
			children = (
				012B743B204A51F900ADEA79 /* Controller */,
				012B743A204A51F400ADEA79 /* View */,
				012B7439204A51ED00ADEA79 /* Model */,
				012B7427204A515200ADEA79 /* AppDelegate.swift */,
				012B742E204A515200ADEA79 /* Assets.xcassets */,
				012B7430204A515200ADEA79 /* LaunchScreen.storyboard */,
				012B7433204A515200ADEA79 /* Info.plist */,
			);
			path = Tarot;
			sourceTree = "<group>";
		};
		012B7439204A51ED00ADEA79 /* Model */ = {
			isa = PBXGroup;
			children = (
				012B743E204B55C800ADEA79 /* Model.swift */,
				01A6C2C320537DB80078C726 /* MajorArcanaCard.swift */,
				01F0E87F205CB0CE005A40FC /* DeckOfCards.swift */,
			);
			path = Model;
			sourceTree = "<group>";
		};
		012B743A204A51F400ADEA79 /* View */ = {
			isa = PBXGroup;
			children = (
				012B742B204A515200ADEA79 /* Main.storyboard */,
			);
			path = View;
			sourceTree = "<group>";
		};
		012B743B204A51F900ADEA79 /* Controller */ = {
			isa = PBXGroup;
			children = (
				012B7429204A515200ADEA79 /* OracleController.swift */,
			);
			path = Controller;
			sourceTree = "<group>";
		};
		01A6C2CA2053A5950078C726 /* TarotUITests */ = {
			isa = PBXGroup;
			children = (
				01A6C2CB2053A5950078C726 /* TarotUITests.swift */,
				01A6C2CD2053A5950078C726 /* Info.plist */,
			);
			path = TarotUITests;
			sourceTree = "<group>";
		};
/* End PBXGroup section */

/* Begin PBXNativeTarget section */
		012B7423204A515200ADEA79 /* Tarot */ = {
			isa = PBXNativeTarget;
			buildConfigurationList = 012B7436204A515200ADEA79 /* Build configuration list for PBXNativeTarget "Tarot" */;
			buildPhases = (
				012B7420204A515200ADEA79 /* Sources */,
				012B7421204A515200ADEA79 /* Frameworks */,
				012B7422204A515200ADEA79 /* Resources */,
			);
			buildRules = (
			);
			dependencies = (
			);
			name = Tarot;
			productName = Tarot;
			productReference = 012B7424204A515200ADEA79 /* Tarot.app */;
			productType = "com.apple.product-type.application";
		};
		01A6C2C82053A5940078C726 /* TarotUITests */ = {
			isa = PBXNativeTarget;
			buildConfigurationList = 01A6C2D02053A5950078C726 /* Build configuration list for PBXNativeTarget "TarotUITests" */;
			buildPhases = (
				01A6C2C52053A5940078C726 /* Sources */,
				01A6C2C62053A5940078C726 /* Frameworks */,
				01A6C2C72053A5940078C726 /* Resources */,
			);
			buildRules = (
			);
			dependencies = (
				01A6C2CF2053A5950078C726 /* PBXTargetDependency */,
			);
			name = TarotUITests;
			productName = TarotUITests;
			productReference = 01A6C2C92053A5940078C726 /* TarotUITests.xctest */;
			productType = "com.apple.product-type.bundle.ui-testing";
		};
/* End PBXNativeTarget section */

/* Begin PBXProject section */
		012B741C204A515200ADEA79 /* Project object */ = {
			isa = PBXProject;
			attributes = {
				LastSwiftUpdateCheck = 0920;
				LastUpgradeCheck = 0920;
				ORGANIZATIONNAME = RMIT;
				TargetAttributes = {
					012B7423204A515200ADEA79 = {
						CreatedOnToolsVersion = 9.2;
						ProvisioningStyle = Automatic;
					};
					01A6C2C82053A5940078C726 = {
						CreatedOnToolsVersion = 9.2;
						ProvisioningStyle = Automatic;
						TestTargetID = 012B7423204A515200ADEA79;
					};
				};
			};
			buildConfigurationList = 012B741F204A515200ADEA79 /* Build configuration list for PBXProject "Tarot" */;
			compatibilityVersion = "Xcode 8.0";
			developmentRegion = en;
			hasScannedForEncodings = 0;
			knownRegions = (
				en,
				Base,
			);
			mainGroup = 012B741B204A515200ADEA79;
			productRefGroup = 012B7425204A515200ADEA79 /* Products */;
			projectDirPath = "";
			projectRoot = "";
			targets = (
				012B7423204A515200ADEA79 /* Tarot */,
				01A6C2C82053A5940078C726 /* TarotUITests */,
			);
		};
/* End PBXProject section */

/* Begin PBXResourcesBuildPhase section */
		012B7422204A515200ADEA79 /* Resources */ = {
			isa = PBXResourcesBuildPhase;
			buildActionMask = 2147483647;
			files = (
				012B7432204A515200ADEA79 /* LaunchScreen.storyboard in Resources */,
				012B742F204A515200ADEA79 /* Assets.xcassets in Resources */,
				012B742D204A515200ADEA79 /* Main.storyboard in Resources */,
			);
			runOnlyForDeploymentPostprocessing = 0;
		};
		01A6C2C72053A5940078C726 /* Resources */ = {
			isa = PBXResourcesBuildPhase;
			buildActionMask = 2147483647;
			files = (
			);
			runOnlyForDeploymentPostprocessing = 0;
		};
/* End PBXResourcesBuildPhase section */

/* Begin PBXSourcesBuildPhase section */
		012B7420204A515200ADEA79 /* Sources */ = {
			isa = PBXSourcesBuildPhase;
			buildActionMask = 2147483647;
			files = (
				01F0E880205CB0CE005A40FC /* DeckOfCards.swift in Sources */,
				012B743F204B55C800ADEA79 /* Model.swift in Sources */,
				01A6C2C420537DB80078C726 /* MajorArcanaCard.swift in Sources */,
				012B742A204A515200ADEA79 /* OracleController.swift in Sources */,
				012B7428204A515200ADEA79 /* AppDelegate.swift in Sources */,
			);
			runOnlyForDeploymentPostprocessing = 0;
		};
		01A6C2C52053A5940078C726 /* Sources */ = {
			isa = PBXSourcesBuildPhase;
			buildActionMask = 2147483647;
			files = (
				01A6C2CC2053A5950078C726 /* TarotUITests.swift in Sources */,
			);
			runOnlyForDeploymentPostprocessing = 0;
		};
/* End PBXSourcesBuildPhase section */

/* Begin PBXTargetDependency section */
		01A6C2CF2053A5950078C726 /* PBXTargetDependency */ = {
			isa = PBXTargetDependency;
			target = 012B7423204A515200ADEA79 /* Tarot */;
			targetProxy = 01A6C2CE2053A5950078C726 /* PBXContainerItemProxy */;
		};
/* End PBXTargetDependency section */

/* Begin PBXVariantGroup section */
		012B742B204A515200ADEA79 /* Main.storyboard */ = {
			isa = PBXVariantGroup;
			children = (
				012B742C204A515200ADEA79 /* Base */,
			);
			name = Main.storyboard;
			sourceTree = "<group>";
		};
		012B7430204A515200ADEA79 /* LaunchScreen.storyboard */ = {
			isa = PBXVariantGroup;
			children = (
				012B7431204A515200ADEA79 /* Base */,
			);
			name = LaunchScreen.storyboard;
			sourceTree = "<group>";
		};
/* End PBXVariantGroup section */

/* Begin XCBuildConfiguration section */
		012B7434204A515200ADEA79 /* Debug */ = {
			isa = XCBuildConfiguration;
			buildSettings = {
				ALWAYS_SEARCH_USER_PATHS = NO;
				CLANG_ANALYZER_NONNULL = YES;
				CLANG_ANALYZER_NUMBER_OBJECT_CONVERSION = YES_AGGRESSIVE;
				CLANG_CXX_LANGUAGE_STANDARD = "gnu++14";
				CLANG_CXX_LIBRARY = "libc++";
				CLANG_ENABLE_MODULES = YES;
				CLANG_ENABLE_OBJC_ARC = YES;
				CLANG_WARN_BLOCK_CAPTURE_AUTORELEASING = YES;
				CLANG_WARN_BOOL_CONVERSION = YES;
				CLANG_WARN_COMMA = YES;
				CLANG_WARN_CONSTANT_CONVERSION = YES;
				CLANG_WARN_DIRECT_OBJC_ISA_USAGE = YES_ERROR;
				CLANG_WARN_DOCUMENTATION_COMMENTS = YES;
				CLANG_WARN_EMPTY_BODY = YES;
				CLANG_WARN_ENUM_CONVERSION = YES;
				CLANG_WARN_INFINITE_RECURSION = YES;
				CLANG_WARN_INT_CONVERSION = YES;
				CLANG_WARN_NON_LITERAL_NULL_CONVERSION = YES;
				CLANG_WARN_OBJC_LITERAL_CONVERSION = YES;
				CLANG_WARN_OBJC_ROOT_CLASS = YES_ERROR;
				CLANG_WARN_RANGE_LOOP_ANALYSIS = YES;
				CLANG_WARN_STRICT_PROTOTYPES = YES;
				CLANG_WARN_SUSPICIOUS_MOVE = YES;
				CLANG_WARN_UNGUARDED_AVAILABILITY = YES_AGGRESSIVE;
				CLANG_WARN_UNREACHABLE_CODE = YES;
				CLANG_WARN__DUPLICATE_METHOD_MATCH = YES;
				CODE_SIGN_IDENTITY = "iPhone Developer";
				COPY_PHASE_STRIP = NO;
				DEBUG_INFORMATION_FORMAT = dwarf;
				ENABLE_STRICT_OBJC_MSGSEND = YES;
				ENABLE_TESTABILITY = YES;
				GCC_C_LANGUAGE_STANDARD = gnu11;
				GCC_DYNAMIC_NO_PIC = NO;
				GCC_NO_COMMON_BLOCKS = YES;
				GCC_OPTIMIZATION_LEVEL = 0;
				GCC_PREPROCESSOR_DEFINITIONS = (
					"DEBUG=1",
					"$(inherited)",
				);
				GCC_WARN_64_TO_32_BIT_CONVERSION = YES;
				GCC_WARN_ABOUT_RETURN_TYPE = YES_ERROR;
				GCC_WARN_UNDECLARED_SELECTOR = YES;
				GCC_WARN_UNINITIALIZED_AUTOS = YES_AGGRESSIVE;
				GCC_WARN_UNUSED_FUNCTION = YES;
				GCC_WARN_UNUSED_VARIABLE = YES;
				IPHONEOS_DEPLOYMENT_TARGET = 11.2;
				MTL_ENABLE_DEBUG_INFO = YES;
				ONLY_ACTIVE_ARCH = YES;
				SDKROOT = iphoneos;
				SWIFT_ACTIVE_COMPILATION_CONDITIONS = DEBUG;
				SWIFT_OPTIMIZATION_LEVEL = "-Onone";
			};
			name = Debug;
		};
		012B7435204A515200ADEA79 /* Release */ = {
			isa = XCBuildConfiguration;
			buildSettings = {
				ALWAYS_SEARCH_USER_PATHS = NO;
				CLANG_ANALYZER_NONNULL = YES;
				CLANG_ANALYZER_NUMBER_OBJECT_CONVERSION = YES_AGGRESSIVE;
				CLANG_CXX_LANGUAGE_STANDARD = "gnu++14";
				CLANG_CXX_LIBRARY = "libc++";
				CLANG_ENABLE_MODULES = YES;
				CLANG_ENABLE_OBJC_ARC = YES;
				CLANG_WARN_BLOCK_CAPTURE_AUTORELEASING = YES;
				CLANG_WARN_BOOL_CONVERSION = YES;
				CLANG_WARN_COMMA = YES;
				CLANG_WARN_CONSTANT_CONVERSION = YES;
				CLANG_WARN_DIRECT_OBJC_ISA_USAGE = YES_ERROR;
				CLANG_WARN_DOCUMENTATION_COMMENTS = YES;
				CLANG_WARN_EMPTY_BODY = YES;
				CLANG_WARN_ENUM_CONVERSION = YES;
				CLANG_WARN_INFINITE_RECURSION = YES;
				CLANG_WARN_INT_CONVERSION = YES;
				CLANG_WARN_NON_LITERAL_NULL_CONVERSION = YES;
				CLANG_WARN_OBJC_LITERAL_CONVERSION = YES;
				CLANG_WARN_OBJC_ROOT_CLASS = YES_ERROR;
				CLANG_WARN_RANGE_LOOP_ANALYSIS = YES;
				CLANG_WARN_STRICT_PROTOTYPES = YES;
				CLANG_WARN_SUSPICIOUS_MOVE = YES;
				CLANG_WARN_UNGUARDED_AVAILABILITY = YES_AGGRESSIVE;
				CLANG_WARN_UNREACHABLE_CODE = YES;
				CLANG_WARN__DUPLICATE_METHOD_MATCH = YES;
				CODE_SIGN_IDENTITY = "iPhone Developer";
				COPY_PHASE_STRIP = NO;
				DEBUG_INFORMATION_FORMAT = "dwarf-with-dsym";
				ENABLE_NS_ASSERTIONS = NO;
				ENABLE_STRICT_OBJC_MSGSEND = YES;
				GCC_C_LANGUAGE_STANDARD = gnu11;
				GCC_NO_COMMON_BLOCKS = YES;
				GCC_WARN_64_TO_32_BIT_CONVERSION = YES;
				GCC_WARN_ABOUT_RETURN_TYPE = YES_ERROR;
				GCC_WARN_UNDECLARED_SELECTOR = YES;
				GCC_WARN_UNINITIALIZED_AUTOS = YES_AGGRESSIVE;
				GCC_WARN_UNUSED_FUNCTION = YES;
				GCC_WARN_UNUSED_VARIABLE = YES;
				IPHONEOS_DEPLOYMENT_TARGET = 11.2;
				MTL_ENABLE_DEBUG_INFO = NO;
				SDKROOT = iphoneos;
				SWIFT_OPTIMIZATION_LEVEL = "-Owholemodule";
				VALIDATE_PRODUCT = YES;
			};
			name = Release;
		};
		012B7437204A515200ADEA79 /* Debug */ = {
			isa = XCBuildConfiguration;
			buildSettings = {
				ASSETCATALOG_COMPILER_APPICON_NAME = AppIcon;
				CODE_SIGN_STYLE = Automatic;
				DEVELOPMENT_TEAM = 5D5UTE2BUT;
				INFOPLIST_FILE = Tarot/Info.plist;
				LD_RUNPATH_SEARCH_PATHS = "$(inherited) @executable_path/Frameworks";
				PRODUCT_BUNDLE_IDENTIFIER = au.edu.rmit.e07582.Tarot;
				PRODUCT_NAME = "$(TARGET_NAME)";
				SWIFT_VERSION = 4.0;
				TARGETED_DEVICE_FAMILY = "1,2";
			};
			name = Debug;
		};
		012B7438204A515200ADEA79 /* Release */ = {
			isa = XCBuildConfiguration;
			buildSettings = {
				ASSETCATALOG_COMPILER_APPICON_NAME = AppIcon;
				CODE_SIGN_STYLE = Automatic;
				DEVELOPMENT_TEAM = 5D5UTE2BUT;
				INFOPLIST_FILE = Tarot/Info.plist;
				LD_RUNPATH_SEARCH_PATHS = "$(inherited) @executable_path/Frameworks";
				PRODUCT_BUNDLE_IDENTIFIER = au.edu.rmit.e07582.Tarot;
				PRODUCT_NAME = "$(TARGET_NAME)";
				SWIFT_VERSION = 4.0;
				TARGETED_DEVICE_FAMILY = "1,2";
			};
			name = Release;
		};
		01A6C2D12053A5950078C726 /* Debug */ = {
			isa = XCBuildConfiguration;
			buildSettings = {
				CODE_SIGN_STYLE = Automatic;
				DEVELOPMENT_TEAM = 5D5UTE2BUT;
				INFOPLIST_FILE = TarotUITests/Info.plist;
				LD_RUNPATH_SEARCH_PATHS = "$(inherited) @executable_path/Frameworks @loader_path/Frameworks";
				PRODUCT_BUNDLE_IDENTIFIER = au.edu.rmit.e07582.TarotUITests;
				PRODUCT_NAME = "$(TARGET_NAME)";
				SWIFT_VERSION = 4.0;
				TARGETED_DEVICE_FAMILY = "1,2";
				TEST_TARGET_NAME = Tarot;
			};
			name = Debug;
		};
		01A6C2D22053A5950078C726 /* Release */ = {
			isa = XCBuildConfiguration;
			buildSettings = {
				CODE_SIGN_STYLE = Automatic;
				DEVELOPMENT_TEAM = 5D5UTE2BUT;
				INFOPLIST_FILE = TarotUITests/Info.plist;
				LD_RUNPATH_SEARCH_PATHS = "$(inherited) @executable_path/Frameworks @loader_path/Frameworks";
				PRODUCT_BUNDLE_IDENTIFIER = au.edu.rmit.e07582.TarotUITests;
				PRODUCT_NAME = "$(TARGET_NAME)";
				SWIFT_VERSION = 4.0;
				TARGETED_DEVICE_FAMILY = "1,2";
				TEST_TARGET_NAME = Tarot;
			};
			name = Release;
		};
/* End XCBuildConfiguration section */

/* Begin XCConfigurationList section */
		012B741F204A515200ADEA79 /* Build configuration list for PBXProject "Tarot" */ = {
			isa = XCConfigurationList;
			buildConfigurations = (
				012B7434204A515200ADEA79 /* Debug */,
				012B7435204A515200ADEA79 /* Release */,
			);
			defaultConfigurationIsVisible = 0;
			defaultConfigurationName = Release;
		};
		012B7436204A515200ADEA79 /* Build configuration list for PBXNativeTarget "Tarot" */ = {
			isa = XCConfigurationList;
			buildConfigurations = (
				012B7437204A515200ADEA79 /* Debug */,
				012B7438204A515200ADEA79 /* Release */,
			);
			defaultConfigurationIsVisible = 0;
			defaultConfigurationName = Release;
		};
		01A6C2D02053A5950078C726 /* Build configuration list for PBXNativeTarget "TarotUITests" */ = {
			isa = XCConfigurationList;
			buildConfigurations = (
				01A6C2D12053A5950078C726 /* Debug */,
				01A6C2D22053A5950078C726 /* Release */,
			);
			defaultConfigurationIsVisible = 0;
			defaultConfigurationName = Release;
		};
/* End XCConfigurationList section */
	};
	rootObject = 012B741C204A515200ADEA79 /* Project object */;
}
